
Microsoft Visual Studio Solution File, Format Version 12.00
# Visual Studio 15
VisualStudioVersion = 15.0.28307.572
MinimumVisualStudioVersion = 10.0.40219.1
Project("{FAE04EC0-301F-11D3-BF4B-00C04F79EFBC}") = "V_Shutdown", "V_Shutdown\V_Shutdown.csproj", "{B2622B41-DCAD-4C60-ADB5-F65677D53EC0}"
EndProject
Project("{54435603-DBB4-11D2-8724-00A0C9A8B90C}") = "V_Shutdown installer", "V_Shutdown installer\V_Shutdown installer.vdproj", "{CA4464B4-0C35-42D3-A288-CE684658A6B9}"
EndProject
Global
	GlobalSection(SolutionConfigurationPlatforms) = preSolution
		Debug|Any CPU = Debug|Any CPU
		Release|Any CPU = Release|Any CPU
	EndGlobalSection
	GlobalSection(ProjectConfigurationPlatforms) = postSolution
		{B2622B41-DCAD-4C60-ADB5-F65677D53EC0}.Debug|Any CPU.ActiveCfg = Debug|Any CPU
		{B2622B41-DCAD-4C60-ADB5-F65677D53EC0}.Debug|Any CPU.Build.0 = Debug|Any CPU
		{B2622B41-DCAD-4C60-ADB5-F65677D53EC0}.Release|Any CPU.ActiveCfg = Release|Any CPU
		{B2622B41-DCAD-4C60-ADB5-F65677D53EC0}.Release|Any CPU.Build.0 = Release|Any CPU
		{CA4464B4-0C35-42D3-A288-CE684658A6B9}.Debug|Any CPU.ActiveCfg = Debug
		{CA4464B4-0C35-42D3-A288-CE684658A6B9}.Release|Any CPU.ActiveCfg = Release
	EndGlobalSection
	GlobalSection(SolutionProperties) = preSolution
		HideSolutionNode = FALSE
	EndGlobalSection
	GlobalSection(ExtensibilityGlobals) = postSolution
		SolutionGuid = {62DA0875-D444-4CF5-8AC3-335A546CAF04}
	EndGlobalSection
EndGlobal
